
Microsoft Visual Studio Solution File, Format Version 12.00
# Visual Studio Version 17
VisualStudioVersion = 17.0.31903.59
MinimumVisualStudioVersion = 10.0.40219.1
Project("{2150E333-8FDC-42A3-9474-1A3956D46DE8}") = "src", "src", "{827E0CD3-B72D-47B6-A68D-7590B98EB39B}"
EndProject
Project("{FAE04EC0-301F-11D3-BF4B-00C04F79EFBC}") = "Flowthru", "src\Flowthru\Flowthru.csproj", "{54901474-8CEC-4762-939A-4F38429070FF}"
EndProject
Project("{2150E333-8FDC-42A3-9474-1A3956D46DE8}") = "tests", "tests", "{B36A84DF-456D-A817-6EDD-3EC3E7F6E11F}"
EndProject
Project("{FAE04EC0-301F-11D3-BF4B-00C04F79EFBC}") = "KedroSpaceflights.Custom", "examples\KedroSpaceflights.Custom\KedroSpaceflights.Custom.csproj", "{4AC86F47-072D-4EF6-82A5-CBFD3A81D529}"
EndProject
Project("{FAE04EC0-301F-11D3-BF4B-00C04F79EFBC}") = "Flowthru.Integrations.MLNet", "src\Flowthru.Integrations.MLNet\Flowthru.Integrations.MLNet.csproj", "{0CA45427-82F2-4F4D-A4CE-6BB74F358155}"
EndProject
Project("{2150E333-8FDC-42A3-9474-1A3956D46DE8}") = "examples", "examples", "{3663939E-416B-408C-887C-38723F04ADCE}"
EndProject
Project("{FAE04EC0-301F-11D3-BF4B-00C04F79EFBC}") = "KedroSpaceflights.Pure", "examples\KedroSpaceflights.Pure\KedroSpaceflights.Pure.csproj", "{FBBDC832-16B4-41C5-918B-B995B0982B3D}"
EndProject
Project("{FAE04EC0-301F-11D3-BF4B-00C04F79EFBC}") = "Flowthru.Tests.Examples", "tests\Flowthru.Tests.Examples\Flowthru.Tests.Examples.csproj", "{55F3CA2B-BBFC-40CF-B37F-76C5FEB75329}"
EndProject
Project("{FAE04EC0-301F-11D3-BF4B-00C04F79EFBC}") = "Flowthru.Extensions.ML", "src\Flowthru.Extensions.ML\Flowthru.Extensions.ML.csproj", "{D356A076-6876-462B-AD48-76F252A55685}"
EndProject
Project("{FAE04EC0-301F-11D3-BF4B-00C04F79EFBC}") = "UmapReferenceComparisons", "examples\UmapReferenceComparisons\UmapReferenceComparisons.csproj", "{222CF904-4DDE-432A-9BDC-A00896619D90}"
EndProject
Project("{FAE04EC0-301F-11D3-BF4B-00C04F79EFBC}") = "Flowthru.Tests", "tests\Flowthru.Tests\Flowthru.Tests.csproj", "{CBE32EDA-F44B-4349-99B4-34566AF048F2}"
EndProject
Project("{FAE04EC0-301F-11D3-BF4B-00C04F79EFBC}") = "Flowthru.Tests.Common", "tests\Flowthru.Tests.Common\Flowthru.Tests.Common.csproj", "{C1321C19-8BE9-4297-BD27-843269ACD841}"
EndProject
Project("{FAE04EC0-301F-11D3-BF4B-00C04F79EFBC}") = "Flowthru.SourceGenerators", "src\Flowthru.SourceGenerators\Flowthru.SourceGenerators.csproj", "{46D49585-1544-4282-BD52-7F4D66831C66}"
EndProject
Global
	GlobalSection(SolutionConfigurationPlatforms) = preSolution
		Debug|Any CPU = Debug|Any CPU
		Debug|x64 = Debug|x64
		Debug|x86 = Debug|x86
		Release|Any CPU = Release|Any CPU
		Release|x64 = Release|x64
		Release|x86 = Release|x86
	EndGlobalSection
	GlobalSection(ProjectConfigurationPlatforms) = postSolution
		{54901474-8CEC-4762-939A-4F38429070FF}.Debug|Any CPU.ActiveCfg = Debug|Any CPU
		{54901474-8CEC-4762-939A-4F38429070FF}.Debug|Any CPU.Build.0 = Debug|Any CPU
		{54901474-8CEC-4762-939A-4F38429070FF}.Debug|x64.ActiveCfg = Debug|Any CPU
		{54901474-8CEC-4762-939A-4F38429070FF}.Debug|x64.Build.0 = Debug|Any CPU
		{54901474-8CEC-4762-939A-4F38429070FF}.Debug|x86.ActiveCfg = Debug|Any CPU
		{54901474-8CEC-4762-939A-4F38429070FF}.Debug|x86.Build.0 = Debug|Any CPU
		{54901474-8CEC-4762-939A-4F38429070FF}.Release|Any CPU.ActiveCfg = Release|Any CPU
		{54901474-8CEC-4762-939A-4F38429070FF}.Release|Any CPU.Build.0 = Release|Any CPU
		{54901474-8CEC-4762-939A-4F38429070FF}.Release|x64.ActiveCfg = Release|Any CPU
		{54901474-8CEC-4762-939A-4F38429070FF}.Release|x64.Build.0 = Release|Any CPU
		{54901474-8CEC-4762-939A-4F38429070FF}.Release|x86.ActiveCfg = Release|Any CPU
		{54901474-8CEC-4762-939A-4F38429070FF}.Release|x86.Build.0 = Release|Any CPU
		{4AC86F47-072D-4EF6-82A5-CBFD3A81D529}.Debug|Any CPU.ActiveCfg = Debug|Any CPU
		{4AC86F47-072D-4EF6-82A5-CBFD3A81D529}.Debug|Any CPU.Build.0 = Debug|Any CPU
		{4AC86F47-072D-4EF6-82A5-CBFD3A81D529}.Debug|x64.ActiveCfg = Debug|Any CPU
		{4AC86F47-072D-4EF6-82A5-CBFD3A81D529}.Debug|x64.Build.0 = Debug|Any CPU
		{4AC86F47-072D-4EF6-82A5-CBFD3A81D529}.Debug|x86.ActiveCfg = Debug|Any CPU
		{4AC86F47-072D-4EF6-82A5-CBFD3A81D529}.Debug|x86.Build.0 = Debug|Any CPU
		{4AC86F47-072D-4EF6-82A5-CBFD3A81D529}.Release|Any CPU.ActiveCfg = Release|Any CPU
		{4AC86F47-072D-4EF6-82A5-CBFD3A81D529}.Release|Any CPU.Build.0 = Release|Any CPU
		{4AC86F47-072D-4EF6-82A5-CBFD3A81D529}.Release|x64.ActiveCfg = Release|Any CPU
		{4AC86F47-072D-4EF6-82A5-CBFD3A81D529}.Release|x64.Build.0 = Release|Any CPU
		{4AC86F47-072D-4EF6-82A5-CBFD3A81D529}.Release|x86.ActiveCfg = Release|Any CPU
		{4AC86F47-072D-4EF6-82A5-CBFD3A81D529}.Release|x86.Build.0 = Release|Any CPU
		{0CA45427-82F2-4F4D-A4CE-6BB74F358155}.Debug|Any CPU.ActiveCfg = Debug|Any CPU
		{0CA45427-82F2-4F4D-A4CE-6BB74F358155}.Debug|Any CPU.Build.0 = Debug|Any CPU
		{0CA45427-82F2-4F4D-A4CE-6BB74F358155}.Debug|x64.ActiveCfg = Debug|Any CPU
		{0CA45427-82F2-4F4D-A4CE-6BB74F358155}.Debug|x64.Build.0 = Debug|Any CPU
		{0CA45427-82F2-4F4D-A4CE-6BB74F358155}.Debug|x86.ActiveCfg = Debug|Any CPU
		{0CA45427-82F2-4F4D-A4CE-6BB74F358155}.Debug|x86.Build.0 = Debug|Any CPU
		{0CA45427-82F2-4F4D-A4CE-6BB74F358155}.Release|Any CPU.ActiveCfg = Release|Any CPU
		{0CA45427-82F2-4F4D-A4CE-6BB74F358155}.Release|Any CPU.Build.0 = Release|Any CPU
		{0CA45427-82F2-4F4D-A4CE-6BB74F358155}.Release|x64.ActiveCfg = Release|Any CPU
		{0CA45427-82F2-4F4D-A4CE-6BB74F358155}.Release|x64.Build.0 = Release|Any CPU
		{0CA45427-82F2-4F4D-A4CE-6BB74F358155}.Release|x86.ActiveCfg = Release|Any CPU
		{0CA45427-82F2-4F4D-A4CE-6BB74F358155}.Release|x86.Build.0 = Release|Any CPU
		{FBBDC832-16B4-41C5-918B-B995B0982B3D}.Debug|Any CPU.ActiveCfg = Debug|Any CPU
		{FBBDC832-16B4-41C5-918B-B995B0982B3D}.Debug|Any CPU.Build.0 = Debug|Any CPU
		{FBBDC832-16B4-41C5-918B-B995B0982B3D}.Debug|x64.ActiveCfg = Debug|Any CPU
		{FBBDC832-16B4-41C5-918B-B995B0982B3D}.Debug|x64.Build.0 = Debug|Any CPU
		{FBBDC832-16B4-41C5-918B-B995B0982B3D}.Debug|x86.ActiveCfg = Debug|Any CPU
		{FBBDC832-16B4-41C5-918B-B995B0982B3D}.Debug|x86.Build.0 = Debug|Any CPU
		{FBBDC832-16B4-41C5-918B-B995B0982B3D}.Release|Any CPU.ActiveCfg = Release|Any CPU
		{FBBDC832-16B4-41C5-918B-B995B0982B3D}.Release|Any CPU.Build.0 = Release|Any CPU
		{FBBDC832-16B4-41C5-918B-B995B0982B3D}.Release|x64.ActiveCfg = Release|Any CPU
		{FBBDC832-16B4-41C5-918B-B995B0982B3D}.Release|x64.Build.0 = Release|Any CPU
		{FBBDC832-16B4-41C5-918B-B995B0982B3D}.Release|x86.ActiveCfg = Release|Any CPU
		{FBBDC832-16B4-41C5-918B-B995B0982B3D}.Release|x86.Build.0 = Release|Any CPU
		{55F3CA2B-BBFC-40CF-B37F-76C5FEB75329}.Debug|Any CPU.ActiveCfg = Debug|Any CPU
		{55F3CA2B-BBFC-40CF-B37F-76C5FEB75329}.Debug|Any CPU.Build.0 = Debug|Any CPU
		{55F3CA2B-BBFC-40CF-B37F-76C5FEB75329}.Debug|x64.ActiveCfg = Debug|Any CPU
		{55F3CA2B-BBFC-40CF-B37F-76C5FEB75329}.Debug|x64.Build.0 = Debug|Any CPU
		{55F3CA2B-BBFC-40CF-B37F-76C5FEB75329}.Debug|x86.ActiveCfg = Debug|Any CPU
		{55F3CA2B-BBFC-40CF-B37F-76C5FEB75329}.Debug|x86.Build.0 = Debug|Any CPU
		{55F3CA2B-BBFC-40CF-B37F-76C5FEB75329}.Release|Any CPU.ActiveCfg = Release|Any CPU
		{55F3CA2B-BBFC-40CF-B37F-76C5FEB75329}.Release|Any CPU.Build.0 = Release|Any CPU
		{55F3CA2B-BBFC-40CF-B37F-76C5FEB75329}.Release|x64.ActiveCfg = Release|Any CPU
		{55F3CA2B-BBFC-40CF-B37F-76C5FEB75329}.Release|x64.Build.0 = Release|Any CPU
		{55F3CA2B-BBFC-40CF-B37F-76C5FEB75329}.Release|x86.ActiveCfg = Release|Any CPU
		{55F3CA2B-BBFC-40CF-B37F-76C5FEB75329}.Release|x86.Build.0 = Release|Any CPU
		{D356A076-6876-462B-AD48-76F252A55685}.Debug|Any CPU.ActiveCfg = Debug|Any CPU
		{D356A076-6876-462B-AD48-76F252A55685}.Debug|Any CPU.Build.0 = Debug|Any CPU
		{D356A076-6876-462B-AD48-76F252A55685}.Debug|x64.ActiveCfg = Debug|Any CPU
		{D356A076-6876-462B-AD48-76F252A55685}.Debug|x64.Build.0 = Debug|Any CPU
		{D356A076-6876-462B-AD48-76F252A55685}.Debug|x86.ActiveCfg = Debug|Any CPU
		{D356A076-6876-462B-AD48-76F252A55685}.Debug|x86.Build.0 = Debug|Any CPU
		{D356A076-6876-462B-AD48-76F252A55685}.Release|Any CPU.ActiveCfg = Release|Any CPU
		{D356A076-6876-462B-AD48-76F252A55685}.Release|Any CPU.Build.0 = Release|Any CPU
		{D356A076-6876-462B-AD48-76F252A55685}.Release|x64.ActiveCfg = Release|Any CPU
		{D356A076-6876-462B-AD48-76F252A55685}.Release|x64.Build.0 = Release|Any CPU
		{D356A076-6876-462B-AD48-76F252A55685}.Release|x86.ActiveCfg = Release|Any CPU
		{D356A076-6876-462B-AD48-76F252A55685}.Release|x86.Build.0 = Release|Any CPU
		{222CF904-4DDE-432A-9BDC-A00896619D90}.Debug|Any CPU.ActiveCfg = Debug|Any CPU
		{222CF904-4DDE-432A-9BDC-A00896619D90}.Debug|Any CPU.Build.0 = Debug|Any CPU
		{222CF904-4DDE-432A-9BDC-A00896619D90}.Debug|x64.ActiveCfg = Debug|Any CPU
		{222CF904-4DDE-432A-9BDC-A00896619D90}.Debug|x64.Build.0 = Debug|Any CPU
		{222CF904-4DDE-432A-9BDC-A00896619D90}.Debug|x86.ActiveCfg = Debug|Any CPU
		{222CF904-4DDE-432A-9BDC-A00896619D90}.Debug|x86.Build.0 = Debug|Any CPU
		{222CF904-4DDE-432A-9BDC-A00896619D90}.Release|Any CPU.ActiveCfg = Release|Any CPU
		{222CF904-4DDE-432A-9BDC-A00896619D90}.Release|Any CPU.Build.0 = Release|Any CPU
		{222CF904-4DDE-432A-9BDC-A00896619D90}.Release|x64.ActiveCfg = Release|Any CPU
		{222CF904-4DDE-432A-9BDC-A00896619D90}.Release|x64.Build.0 = Release|Any CPU
		{222CF904-4DDE-432A-9BDC-A00896619D90}.Release|x86.ActiveCfg = Release|Any CPU
		{222CF904-4DDE-432A-9BDC-A00896619D90}.Release|x86.Build.0 = Release|Any CPU
		{CBE32EDA-F44B-4349-99B4-34566AF048F2}.Debug|Any CPU.ActiveCfg = Debug|Any CPU
		{CBE32EDA-F44B-4349-99B4-34566AF048F2}.Debug|Any CPU.Build.0 = Debug|Any CPU
		{CBE32EDA-F44B-4349-99B4-34566AF048F2}.Debug|x64.ActiveCfg = Debug|Any CPU
		{CBE32EDA-F44B-4349-99B4-34566AF048F2}.Debug|x64.Build.0 = Debug|Any CPU
		{CBE32EDA-F44B-4349-99B4-34566AF048F2}.Debug|x86.ActiveCfg = Debug|Any CPU
		{CBE32EDA-F44B-4349-99B4-34566AF048F2}.Debug|x86.Build.0 = Debug|Any CPU
		{CBE32EDA-F44B-4349-99B4-34566AF048F2}.Release|Any CPU.ActiveCfg = Release|Any CPU
		{CBE32EDA-F44B-4349-99B4-34566AF048F2}.Release|Any CPU.Build.0 = Release|Any CPU
		{CBE32EDA-F44B-4349-99B4-34566AF048F2}.Release|x64.ActiveCfg = Release|Any CPU
		{CBE32EDA-F44B-4349-99B4-34566AF048F2}.Release|x64.Build.0 = Release|Any CPU
		{CBE32EDA-F44B-4349-99B4-34566AF048F2}.Release|x86.ActiveCfg = Release|Any CPU
		{CBE32EDA-F44B-4349-99B4-34566AF048F2}.Release|x86.Build.0 = Release|Any CPU
		{C1321C19-8BE9-4297-BD27-843269ACD841}.Debug|Any CPU.ActiveCfg = Debug|Any CPU
		{C1321C19-8BE9-4297-BD27-843269ACD841}.Debug|Any CPU.Build.0 = Debug|Any CPU
		{C1321C19-8BE9-4297-BD27-843269ACD841}.Debug|x64.ActiveCfg = Debug|Any CPU
		{C1321C19-8BE9-4297-BD27-843269ACD841}.Debug|x64.Build.0 = Debug|Any CPU
		{C1321C19-8BE9-4297-BD27-843269ACD841}.Debug|x86.ActiveCfg = Debug|Any CPU
		{C1321C19-8BE9-4297-BD27-843269ACD841}.Debug|x86.Build.0 = Debug|Any CPU
		{C1321C19-8BE9-4297-BD27-843269ACD841}.Release|Any CPU.ActiveCfg = Release|Any CPU
		{C1321C19-8BE9-4297-BD27-843269ACD841}.Release|Any CPU.Build.0 = Release|Any CPU
		{C1321C19-8BE9-4297-BD27-843269ACD841}.Release|x64.ActiveCfg = Release|Any CPU
		{C1321C19-8BE9-4297-BD27-843269ACD841}.Release|x64.Build.0 = Release|Any CPU
		{C1321C19-8BE9-4297-BD27-843269ACD841}.Release|x86.ActiveCfg = Release|Any CPU
		{C1321C19-8BE9-4297-BD27-843269ACD841}.Release|x86.Build.0 = Release|Any CPU
		{46D49585-1544-4282-BD52-7F4D66831C66}.Debug|Any CPU.ActiveCfg = Debug|Any CPU
		{46D49585-1544-4282-BD52-7F4D66831C66}.Debug|Any CPU.Build.0 = Debug|Any CPU
		{46D49585-1544-4282-BD52-7F4D66831C66}.Debug|x64.ActiveCfg = Debug|Any CPU
		{46D49585-1544-4282-BD52-7F4D66831C66}.Debug|x64.Build.0 = Debug|Any CPU
		{46D49585-1544-4282-BD52-7F4D66831C66}.Debug|x86.ActiveCfg = Debug|Any CPU
		{46D49585-1544-4282-BD52-7F4D66831C66}.Debug|x86.Build.0 = Debug|Any CPU
		{46D49585-1544-4282-BD52-7F4D66831C66}.Release|Any CPU.ActiveCfg = Release|Any CPU
		{46D49585-1544-4282-BD52-7F4D66831C66}.Release|Any CPU.Build.0 = Release|Any CPU
		{46D49585-1544-4282-BD52-7F4D66831C66}.Release|x64.ActiveCfg = Release|Any CPU
		{46D49585-1544-4282-BD52-7F4D66831C66}.Release|x64.Build.0 = Release|Any CPU
		{46D49585-1544-4282-BD52-7F4D66831C66}.Release|x86.ActiveCfg = Release|Any CPU
		{46D49585-1544-4282-BD52-7F4D66831C66}.Release|x86.Build.0 = Release|Any CPU
	EndGlobalSection
	GlobalSection(SolutionProperties) = preSolution
		HideSolutionNode = FALSE
	EndGlobalSection
	GlobalSection(NestedProjects) = preSolution
		{54901474-8CEC-4762-939A-4F38429070FF} = {827E0CD3-B72D-47B6-A68D-7590B98EB39B}
		{4AC86F47-072D-4EF6-82A5-CBFD3A81D529} = {3663939E-416B-408C-887C-38723F04ADCE}
		{0CA45427-82F2-4F4D-A4CE-6BB74F358155} = {827E0CD3-B72D-47B6-A68D-7590B98EB39B}
		{FBBDC832-16B4-41C5-918B-B995B0982B3D} = {3663939E-416B-408C-887C-38723F04ADCE}
		{55F3CA2B-BBFC-40CF-B37F-76C5FEB75329} = {B36A84DF-456D-A817-6EDD-3EC3E7F6E11F}
		{D356A076-6876-462B-AD48-76F252A55685} = {827E0CD3-B72D-47B6-A68D-7590B98EB39B}
		{222CF904-4DDE-432A-9BDC-A00896619D90} = {3663939E-416B-408C-887C-38723F04ADCE}
		{CBE32EDA-F44B-4349-99B4-34566AF048F2} = {B36A84DF-456D-A817-6EDD-3EC3E7F6E11F}
		{C1321C19-8BE9-4297-BD27-843269ACD841} = {B36A84DF-456D-A817-6EDD-3EC3E7F6E11F}
		{46D49585-1544-4282-BD52-7F4D66831C66} = {827E0CD3-B72D-47B6-A68D-7590B98EB39B}
	EndGlobalSection
EndGlobal
