<Solution>
  <Folder Name="/src/">
    <Project Path="src\core\Flowthru\Flowthru.csproj" />
    <Project Path="src\core\Flowthru.SourceGenerators\Flowthru.SourceGenerators.csproj" />
    <Project Path="src\extensions\Flowthru.Extensions.EFCore\Flowthru.Extensions.EFCore.csproj" />
    <Project Path="src\extensions\Flowthru.Extensions.MLNet\Flowthru.Extensions.MLNet.csproj" />
    <Project Path="src\extensions\Flowthru.Extensions.Python\Flowthru.Extensions.Python.csproj" />
    <Project Path="src\extensions\Flowthru.Extensions.Python.SourceGenerators\Flowthru.Extensions.Python.SourceGenerators.csproj" />
    <Project Path="src\misc\Flowthru.Misc.ML\Flowthru.Misc.ML.csproj" />
  </Folder>
  <Folder Name="/tests/">
    <Project Path="tests\Flowthru.Tests\Flowthru.Tests.csproj" />
    <Project Path="tests\Flowthru.Tests.Common\Flowthru.Tests.Common.csproj" />
    <Project Path="tests\Flowthru.Tests.Examples\Flowthru.Tests.Examples.csproj" />
    <Project Path="tests\Flowthru.Tests.Templates\Flowthru.Tests.Templates.csproj" />
    <Project Path="tests\Flowthru.Extensions.Python.Tests\Flowthru.Extensions.Python.Tests.csproj" />
  </Folder>
  <Folder Name="/examples/">
    <Project Path="examples\starter\SpaceflightsEFCore\SpaceflightsEFCore.csproj" />
    <Project Path="examples\starter\KedroSpaceflights\KedroSpaceflights.csproj" />
    <Project Path="examples\starter\KedroSpaceflightsPython\KedroSpaceflightsPython.csproj" />
    <Project Path="examples\starter\KedroIris\KedroIris.csproj" />
    <Project Path="examples\starter\Minimal\Minimal.csproj" />
    <Project Path="examples\advanced\UmapReferenceComparisons\UmapReferenceComparisons.csproj" />
    <Project Path="examples\advanced\KedroSpaceflights.Custom\KedroSpaceflights.Custom.csproj" />
  </Folder>
</Solution>
