<Solution>
  <Project Path="src/core/Flowthru/Flowthru.csproj" />
  <Project Path="src/core/Flowthru.Core/Flowthru.Core.csproj" />
  <Project Path="src/core/Flowthru.Core.SourceGenerators/Flowthru.Core.SourceGenerators.csproj" />
  <Project Path="src/core/Flowthru.FUnit/Flowthru.FUnit.csproj" />
  <Project Path="src/core/Flowthru.FUnit.SourceGenerators/Flowthru.FUnit.SourceGenerators.csproj" />
  <Project Path="src/core/Flowthru.Core.CodeFixes/Flowthru.Core.CodeFixes.csproj" />
  <Project Path="src/core/Flowthru.FUnit.CodeFixes/Flowthru.FUnit.CodeFixes.csproj" />
  <Project Path="src/extensions/Flowthru.Extensions.Csv/Flowthru.Extensions.Csv.csproj" />
  <Project Path="src/extensions/Flowthru.Extensions.Xml/Flowthru.Extensions.Xml.csproj" />
  <Project Path="src/extensions/Flowthru.Extensions.Excel/Flowthru.Extensions.Excel.csproj" />
  <Project Path="src/extensions/Flowthru.Extensions.EFCore/Flowthru.Extensions.EFCore.csproj" />
  <Project Path="src/extensions/Flowthru.Extensions.GQL/Flowthru.Extensions.GQL.csproj" />
  <Project Path="src/extensions/Flowthru.Extensions.Http/Flowthru.Extensions.Http.csproj" />
  <Project Path="src/extensions/Flowthru.Extensions.MLNet/Flowthru.Extensions.MLNet.csproj" />
  <Project Path="src/extensions/Flowthru.Extensions.Parquet/Flowthru.Extensions.Parquet.csproj" />
  <Project Path="src/extensions/Flowthru.Extensions.EFCore.Bulk/Flowthru.Extensions.EFCore.Bulk.csproj" />
  <Project Path="src/extensions/Flowthru.Extensions.Python/Flowthru.Extensions.Python.csproj" />
  <Project Path="src/extensions/Flowthru.Extensions.Metadata.Json/Flowthru.Extensions.Metadata.Json.csproj" />
  <Project Path="src/extensions/Flowthru.Extensions.Metadata.Mermaid/Flowthru.Extensions.Metadata.Mermaid.csproj" />
  <Project Path="src/extensions/Flowthru.Extensions.Metadata.Diagnostics/Flowthru.Extensions.Metadata.Diagnostics.csproj" />
  <Project Path="src/extensions/Flowthru.Extensions.Python.SourceGenerators/Flowthru.Extensions.Python.SourceGenerators.csproj" />
  <Project Path="src/misc/Flowthru.Misc.DataFrames/Flowthru.Misc.DataFrames.csproj" />
  <Project Path="src/misc/Flowthru.Misc.DataFrames.SourceGenerators/Flowthru.Misc.DataFrames.SourceGenerators.csproj" />
  <Project Path="src/misc/Flowthru.Misc.DataFrames.CodeFixes/Flowthru.Misc.DataFrames.CodeFixes.csproj" />
  <Project Path="src/misc/Flowthru.Misc.ML/Flowthru.Misc.ML.csproj" />
  <Project Path="tests/helpers/Flowthru.Tests.Helpers/Flowthru.Tests.Helpers.csproj" />
  <Project Path="tests/integration/Flowthru.Tests.Examples/Flowthru.Tests.Examples.csproj" />
  <Project Path="tests/integration/Flowthru.Tests.Templates/Flowthru.Tests.Templates.csproj" />
  <Project Path="tests/core/Flowthru.Tests/Flowthru.Tests.csproj" />
  <Project Path="tests/core/Flowthru.Core.Tests/Flowthru.Core.Tests.csproj" />
  <Project Path="tests/core/Flowthru.Core.CodeFixes.Tests/Flowthru.Core.CodeFixes.Tests.csproj" />
  <Project Path="tests/core/Flowthru.Core.SourceGenerators.Tests/Flowthru.Core.SourceGenerators.Tests.csproj" />
  <Project Path="tests/core/Flowthru.FUnit.Tests/Flowthru.FUnit.Tests.csproj" />
  <Project Path="tests/core/Flowthru.FUnit.CodeFixes.Tests/Flowthru.FUnit.CodeFixes.Tests.csproj" />
  <Project Path="tests/core/Flowthru.FUnit.SourceGenerators.Tests/Flowthru.FUnit.SourceGenerators.Tests.csproj" />
  <Project Path="tests/extensions/Flowthru.Extensions.Csv.Tests/Flowthru.Extensions.Csv.Tests.csproj" />
  <Project Path="tests/extensions/Flowthru.Extensions.EFCore.Tests/Flowthru.Extensions.EFCore.Tests.csproj" />
  <Project Path="tests/extensions/Flowthru.Extensions.Excel.Tests/Flowthru.Extensions.Excel.Tests.csproj" />
  <Project Path="tests/extensions/Flowthru.Extensions.GQL.Tests/Flowthru.Extensions.GQL.Tests.csproj" />
  <Project Path="tests/extensions/Flowthru.Extensions.Http.Tests/Flowthru.Extensions.Http.Tests.csproj" />
  <Project Path="tests/extensions/Flowthru.Extensions.Metadata.Json.Tests/Flowthru.Extensions.Metadata.Json.Tests.csproj" />
  <Project Path="tests/extensions/Flowthru.Extensions.Metadata.Mermaid.Tests/Flowthru.Extensions.Metadata.Mermaid.Tests.csproj" />
  <Project Path="tests/extensions/Flowthru.Extensions.Metadata.Diagnostics.Tests/Flowthru.Extensions.Metadata.Diagnostics.Tests.csproj" />
  <Project Path="tests/extensions/Flowthru.Extensions.MLNet.Tests/Flowthru.Extensions.MLNet.Tests.csproj" />
  <Project Path="tests/extensions/Flowthru.Extensions.Parquet.Tests/Flowthru.Extensions.Parquet.Tests.csproj" />
  <Project Path="tests/extensions/Flowthru.Extensions.EFCore.Bulk.Tests/Flowthru.Extensions.EFCore.Bulk.Tests.csproj" />
  <Project Path="tests/extensions/Flowthru.Extensions.Python.Tests/Flowthru.Extensions.Python.Tests.csproj" />
  <Project Path="tests/extensions/Flowthru.Extensions.Python.SourceGenerators.Tests/Flowthru.Extensions.Python.SourceGenerators.Tests.csproj" />
  <Project Path="tests/extensions/Flowthru.Extensions.Xml.Tests/Flowthru.Extensions.Xml.Tests.csproj" />
  <Project Path="tests/misc/Flowthru.Misc.DataFrames.Tests/Flowthru.Misc.DataFrames.Tests.csproj" />
  <Project Path="tests/misc/Flowthru.Misc.DataFrames.CodeFixes.Tests/Flowthru.Misc.DataFrames.CodeFixes.Tests.csproj" />
  <Project Path="tests/misc/Flowthru.Misc.DataFrames.SourceGenerators.Tests/Flowthru.Misc.DataFrames.SourceGenerators.Tests.csproj" />
  <Project Path="tests/misc/Flowthru.Misc.ML.Tests/Flowthru.Misc.ML.Tests.csproj" />
  <Project Path="examples/starter/SpaceflightsEFCore/SpaceflightsEFCore.csproj" />
  <Project Path="examples/starter/SpaceflightsStagingSchema/SpaceflightsStagingSchema.csproj" />
  <Project Path="examples/starter/KedroSpaceflights/KedroSpaceflights.csproj" />
  <Project Path="examples/starter/KedroSpaceflightsFUnit/KedroSpaceflightsFUnit.csproj" />
  <Project Path="examples/starter/KedroSpaceflightsPython/KedroSpaceflightsPython.csproj" />
  <Project Path="examples/starter/KedroIris/KedroIris.csproj" />
  <Project Path="examples/starter/KedroIrisFUnit/KedroIrisFUnit.csproj" />
  <Project Path="examples/starter/KedroIrisPython/KedroIrisPython.csproj" />
  <Project Path="examples/starter/Minimal/Minimal.csproj" />
  <Project Path="examples/starter/SimpleEffectsExample/SimpleEffectsExample.csproj" />
  <Project Path="examples/archived/UmapReferenceComparisons/UmapReferenceComparisons.csproj" />
  <Project Path="examples/archived/DroppedNeuralNet/DroppedNeuralNet.csproj" />
  <Project Path="examples/advanced/KedroSpaceflightsCustom/KedroSpaceflightsCustom.csproj" />
  <Project Path="examples/advanced/SpaceflightsPythonEFCore/SpaceflightsPythonEFCore.csproj" />
  <Project Path="examples/advanced/SpaceflightsDistributed/SpaceflightsDistributed.DataProcessing/SpaceflightsDistributed.DataProcessing.csproj" />
  <Project Path="examples/advanced/SpaceflightsDistributed/SpaceflightsDistributed.DataScience/SpaceflightsDistributed.DataScience.csproj" />
  <Project Path="examples/advanced/SpaceflightsDistributed/SpaceflightsDistributed.Reporting/SpaceflightsDistributed.Reporting.csproj" />
  <Project Path="examples/advanced/SpaceflightsDistributed/SpaceflightsDistributed/SpaceflightsDistributed.csproj" />
  <Project Path="examples/advanced/RetailDataSplitFlow/RetailDataSplitFlow.csproj" />
  <Project Path="examples/advanced/KedroSpaceflightsGQL/KedroSpaceflightsGQL.csproj" />
  <Project Path="examples/advanced/FlowthruCoverage/FlowthruCoverage.csproj" />
</Solution>
